
Microsoft Visual Studio Solution File, Format Version 12.00
# Visual Studio Version 16
VisualStudioVersion = 16.0.30717.126
MinimumVisualStudioVersion = 10.0.40219.1
Project("{8BC9CEB8-8B4A-11D0-8D11-00A0C91BC942}") = "Controlador", "TrabalhoPraticoSO2\TrabalhoPraticoSO2.vcxproj", "{58B080B9-38D6-44AA-8444-D73F41DCCF5E}"
EndProject
Project("{8BC9CEB8-8B4A-11D0-8D11-00A0C91BC942}") = "Aviao", "Aviao\Aviao.vcxproj", "{787F15B0-043E-45D6-ADE9-73015C757FB3}"
EndProject
Global
	GlobalSection(SolutionConfigurationPlatforms) = preSolution
		Debug|x64 = Debug|x64
		Debug|x86 = Debug|x86
		Release|x64 = Release|x64
		Release|x86 = Release|x86
	EndGlobalSection
	GlobalSection(ProjectConfigurationPlatforms) = postSolution
		{58B080B9-38D6-44AA-8444-D73F41DCCF5E}.Debug|x64.ActiveCfg = Debug|x64
		{58B080B9-38D6-44AA-8444-D73F41DCCF5E}.Debug|x64.Build.0 = Debug|x64
		{58B080B9-38D6-44AA-8444-D73F41DCCF5E}.Debug|x86.ActiveCfg = Debug|Win32
		{58B080B9-38D6-44AA-8444-D73F41DCCF5E}.Debug|x86.Build.0 = Debug|Win32
		{58B080B9-38D6-44AA-8444-D73F41DCCF5E}.Release|x64.ActiveCfg = Release|x64
		{58B080B9-38D6-44AA-8444-D73F41DCCF5E}.Release|x64.Build.0 = Release|x64
		{58B080B9-38D6-44AA-8444-D73F41DCCF5E}.Release|x86.ActiveCfg = Release|Win32
		{58B080B9-38D6-44AA-8444-D73F41DCCF5E}.Release|x86.Build.0 = Release|Win32
		{787F15B0-043E-45D6-ADE9-73015C757FB3}.Debug|x64.ActiveCfg = Debug|x64
		{787F15B0-043E-45D6-ADE9-73015C757FB3}.Debug|x64.Build.0 = Debug|x64
		{787F15B0-043E-45D6-ADE9-73015C757FB3}.Debug|x86.ActiveCfg = Debug|Win32
		{787F15B0-043E-45D6-ADE9-73015C757FB3}.Debug|x86.Build.0 = Debug|Win32
		{787F15B0-043E-45D6-ADE9-73015C757FB3}.Release|x64.ActiveCfg = Release|x64
		{787F15B0-043E-45D6-ADE9-73015C757FB3}.Release|x64.Build.0 = Release|x64
		{787F15B0-043E-45D6-ADE9-73015C757FB3}.Release|x86.ActiveCfg = Release|Win32
		{787F15B0-043E-45D6-ADE9-73015C757FB3}.Release|x86.Build.0 = Release|Win32
	EndGlobalSection
	GlobalSection(SolutionProperties) = preSolution
		HideSolutionNode = FALSE
	EndGlobalSection
	GlobalSection(ExtensibilityGlobals) = postSolution
		SolutionGuid = {9786019C-CAC2-482D-B13C-0CC5948B7551}
	EndGlobalSection
EndGlobal
